<?xml version="1.0" encoding="utf-8"?>
<Project ToolsVersion="4.0" xmlns="http://schemas.microsoft.com/developer/msbuild/2003">
  <ItemGroup>
    <Filter Include="Engine">
      <UniqueIdentifier>{753a9775-3229-4495-be41-a71c5cda702c}</UniqueIdentifier>
    </Filter>
    <Filter Include="Engine\Camera">
      <UniqueIdentifier>{83ed42d2-6111-490b-a288-c1f046cb4177}</UniqueIdentifier>
    </Filter>
    <Filter Include="Engine\Scene">
      <UniqueIdentifier>{597e02d1-26fd-4791-9edb-a252ddf9426d}</UniqueIdentifier>
    </Filter>
    <Filter Include="Engine\Model">
      <UniqueIdentifier>{e5e8966c-82af-4cf4-8b3a-77c1659fe1c3}</UniqueIdentifier>
    </Filter>
    <Filter Include="Engine\RHI">
      <UniqueIdentifier>{ca9d8c76-de59-43f6-9066-90b7526fcf73}</UniqueIdentifier>
    </Filter>
    <Filter Include="Engine\RHI\Vulkan">
      <UniqueIdentifier>{3334faa6-4362-4ec6-a3ad-9a2c027f8e7a}</UniqueIdentifier>
    </Filter>
    <Filter Include="Engine\Physics">
      <UniqueIdentifier>{290d53c5-0d94-4554-ba2f-fde6ddccb4b5}</UniqueIdentifier>
    </Filter>
    <Filter Include="Engine\Sound">
      <UniqueIdentifier>{59464d1c-6630-4af5-9908-f6d6f55ed1cd}</UniqueIdentifier>
    </Filter>
    <Filter Include="Engine\RHI\Vulkan\include">
      <UniqueIdentifier>{5f22eafc-d485-4c07-9b50-f9630cb661d8}</UniqueIdentifier>
    </Filter>
    <Filter Include="Engine\RHI\Vulkan\src">
      <UniqueIdentifier>{5eb5dac3-9bcb-4419-9a3d-9c844f52c599}</UniqueIdentifier>
    </Filter>
    <Filter Include="Engine\RHI\Vulkan\deps">
      <UniqueIdentifier>{a83056bd-5e72-45b6-8c61-220976c3bad1}</UniqueIdentifier>
    </Filter>
    <Filter Include="Engine\RHI\Vulkan\deps\glfw">
      <UniqueIdentifier>{ffb0ab2e-331f-4c24-aa70-bbd03c38f35d}</UniqueIdentifier>
    </Filter>
    <Filter Include="Engine\RHI\Vulkan\deps\glm">
      <UniqueIdentifier>{d0145df7-682b-4a72-8caf-2625f524f401}</UniqueIdentifier>
    </Filter>
    <Filter Include="Engine\RHI\Vulkan\deps\stb">
      <UniqueIdentifier>{7e425176-8fe4-4b4d-aa1d-97ec98d4d330}</UniqueIdentifier>
    </Filter>
    <Filter Include="Engine\RHI\Vulkan\deps\tinyobjloader">
      <UniqueIdentifier>{7210ce7b-2e81-437a-9c2c-5d2f705df6ad}</UniqueIdentifier>
    </Filter>
    <Filter Include="Engine\RHI\Vulkan\deps\glfw\include">
      <UniqueIdentifier>{397eb96c-e2d3-4b25-9c8f-d257634c92d2}</UniqueIdentifier>
    </Filter>
    <Filter Include="Engine\RHI\Vulkan\deps\glfw\include\GLFW">
      <UniqueIdentifier>{59fca9fb-4ae4-452a-b407-4633a07ff570}</UniqueIdentifier>
    </Filter>
    <Filter Include="Engine\RHI\Vulkan\deps\glm\glm">
      <UniqueIdentifier>{1973d35a-7861-48e5-a11f-402c734f05ee}</UniqueIdentifier>
    </Filter>
    <Filter Include="Games">
      <UniqueIdentifier>{5b452c55-5389-4fce-9bed-0c25f09829ee}</UniqueIdentifier>
    </Filter>
    <Filter Include="Games\Test">
      <UniqueIdentifier>{fbedd343-932b-48e6-91cd-2cb1283f89ab}</UniqueIdentifier>
    </Filter>
    <Filter Include="Games\Test\Assets">
      <UniqueIdentifier>{5c89b7d2-4c2a-4477-8fc6-387cc2770135}</UniqueIdentifier>
    </Filter>
    <Filter Include="Games\Test\Assets\Shaders">
      <UniqueIdentifier>{7718082b-f4d3-40ac-b108-ec4cee7ecc7a}</UniqueIdentifier>
    </Filter>
    <Filter Include="Games\Test\Assets\Models">
      <UniqueIdentifier>{1d216de4-95f7-40c2-8ffd-5be1ffa0b467}</UniqueIdentifier>
    </Filter>
    <Filter Include="Games\Test\Assets\Textures">
      <UniqueIdentifier>{d4aa36fb-9f02-490b-a0f3-1777d88f050c}</UniqueIdentifier>
    </Filter>
    <Filter Include="Games\Test\Assets\Materials">
      <UniqueIdentifier>{8139a39c-a08e-49b0-b57e-b5682651c9ee}</UniqueIdentifier>
    </Filter>
    <Filter Include="Engine\Model\include">
      <UniqueIdentifier>{647d2e59-0ccf-4941-8dc1-20bb1c60aaaf}</UniqueIdentifier>
    </Filter>
    <Filter Include="Engine\Model\src">
      <UniqueIdentifier>{04a71557-714d-424f-9feb-2053a8473e1c}</UniqueIdentifier>
    </Filter>
    <Filter Include="Engine\System">
      <UniqueIdentifier>{004162d0-7259-457a-9b4f-224523795d12}</UniqueIdentifier>
    </Filter>
    <Filter Include="Engine\System\src">
      <UniqueIdentifier>{58531837-8cb7-4801-96d9-500f00fb6b50}</UniqueIdentifier>
    </Filter>
    <Filter Include="Engine\System\include">
      <UniqueIdentifier>{d95cf4d9-786b-427e-9e79-768efdd68193}</UniqueIdentifier>
    </Filter>
    <Filter Include="Engine\Scene\src">
      <UniqueIdentifier>{5009d1ea-09e9-477b-82eb-79e24d2b0cfe}</UniqueIdentifier>
    </Filter>
    <Filter Include="Engine\Scene\include">
      <UniqueIdentifier>{bb5bd995-e2a0-4c93-a7ca-06bebb0a2059}</UniqueIdentifier>
    </Filter>
    <Filter Include="Engine\Utility">
      <UniqueIdentifier>{b0c5c184-235e-4eab-9400-397440474727}</UniqueIdentifier>
    </Filter>
    <Filter Include="Engine\Utility\src">
      <UniqueIdentifier>{d0fdaa09-83e1-4d5c-b375-d3d329cc3092}</UniqueIdentifier>
    </Filter>
    <Filter Include="Engine\Utility\include">
      <UniqueIdentifier>{2c8ab234-e398-482e-8c8b-5867dfae0be5}</UniqueIdentifier>
    </Filter>
    <Filter Include="Games\Test\Assets\Shaders\SMWeaponShader">
      <UniqueIdentifier>{e5f8717a-7687-476a-88cb-d239c3059b5f}</UniqueIdentifier>
    </Filter>
    <Filter Include="Games\Test\Assets\Shaders\SMWeaponShader\glsl">
      <UniqueIdentifier>{b7c1ee04-0992-413f-ba5b-c5d9771b0708}</UniqueIdentifier>
    </Filter>
    <Filter Include="Engine\Camera\include">
      <UniqueIdentifier>{882d9261-30bd-4062-9f79-035007b99ae7}</UniqueIdentifier>
    </Filter>
    <Filter Include="Engine\Camera\src">
      <UniqueIdentifier>{c2b4ea5f-652f-4ee2-97c5-1f9a66832f32}</UniqueIdentifier>
    </Filter>
  </ItemGroup>
  <ItemGroup>
    <ClInclude Include="Engine\RHI\Vulkan\include\shader.h">
      <Filter>Engine\RHI\Vulkan\include</Filter>
    </ClInclude>
    <ClInclude Include="Engine\RHI\Vulkan\include\swapchain.h">
      <Filter>Engine\RHI\Vulkan\include</Filter>
    </ClInclude>
    <ClInclude Include="Engine\RHI\Vulkan\include\texture.h">
      <Filter>Engine\RHI\Vulkan\include</Filter>
    </ClInclude>
    <ClInclude Include="Engine\RHI\Vulkan\include\uniform.h">
      <Filter>Engine\RHI\Vulkan\include</Filter>
    </ClInclude>
    <ClInclude Include="Engine\RHI\Vulkan\include\utils.h">
      <Filter>Engine\RHI\Vulkan\include</Filter>
    </ClInclude>
    <ClInclude Include="Engine\RHI\Vulkan\include\validation.h">
      <Filter>Engine\RHI\Vulkan\include</Filter>
    </ClInclude>
    <ClInclude Include="Engine\RHI\Vulkan\include\vertex.h">
      <Filter>Engine\RHI\Vulkan\include</Filter>
    </ClInclude>
    <ClInclude Include="Engine\RHI\Vulkan\include\window.h">
      <Filter>Engine\RHI\Vulkan\include</Filter>
    </ClInclude>
    <ClInclude Include="Engine\RHI\Vulkan\include\buffer.h">
      <Filter>Engine\RHI\Vulkan\include</Filter>
    </ClInclude>
    <ClInclude Include="Engine\RHI\Vulkan\include\config.h">
      <Filter>Engine\RHI\Vulkan\include</Filter>
    </ClInclude>
    <ClInclude Include="Engine\RHI\Vulkan\include\depth.h">
      <Filter>Engine\RHI\Vulkan\include</Filter>
    </ClInclude>
    <ClInclude Include="Engine\RHI\Vulkan\include\device.h">
      <Filter>Engine\RHI\Vulkan\include</Filter>
    </ClInclude>
    <ClInclude Include="Engine\RHI\Vulkan\include\instance.h">
      <Filter>Engine\RHI\Vulkan\include</Filter>
    </ClInclude>
    <ClInclude Include="Engine\RHI\Vulkan\include\pipeline.h">
      <Filter>Engine\RHI\Vulkan\include</Filter>
    </ClInclude>
    <ClInclude Include="Engine\RHI\Vulkan\include\render.h">
      <Filter>Engine\RHI\Vulkan\include</Filter>
    </ClInclude>
    <ClInclude Include="Engine\RHI\Vulkan\deps\glfw\include\GLFW\glfw3.h">
      <Filter>Engine\RHI\Vulkan\deps\glfw\include\GLFW</Filter>
    </ClInclude>
    <ClInclude Include="Engine\RHI\Vulkan\deps\glfw\include\GLFW\glfw3native.h">
      <Filter>Engine\RHI\Vulkan\deps\glfw\include\GLFW</Filter>
    </ClInclude>
    <ClInclude Include="Engine\RHI\Vulkan\deps\glm\glm\mat2x2.hpp">
      <Filter>Engine\RHI\Vulkan\deps\glm\glm</Filter>
    </ClInclude>
    <ClInclude Include="Engine\RHI\Vulkan\deps\glm\glm\mat2x3.hpp">
      <Filter>Engine\RHI\Vulkan\deps\glm\glm</Filter>
    </ClInclude>
    <ClInclude Include="Engine\RHI\Vulkan\deps\glm\glm\mat2x4.hpp">
      <Filter>Engine\RHI\Vulkan\deps\glm\glm</Filter>
    </ClInclude>
    <ClInclude Include="Engine\RHI\Vulkan\deps\glm\glm\mat3x2.hpp">
      <Filter>Engine\RHI\Vulkan\deps\glm\glm</Filter>
    </ClInclude>
    <ClInclude Include="Engine\RHI\Vulkan\deps\glm\glm\mat3x3.hpp">
      <Filter>Engine\RHI\Vulkan\deps\glm\glm</Filter>
    </ClInclude>
    <ClInclude Include="Engine\RHI\Vulkan\deps\glm\glm\mat3x4.hpp">
      <Filter>Engine\RHI\Vulkan\deps\glm\glm</Filter>
    </ClInclude>
    <ClInclude Include="Engine\RHI\Vulkan\deps\glm\glm\mat4x2.hpp">
      <Filter>Engine\RHI\Vulkan\deps\glm\glm</Filter>
    </ClInclude>
    <ClInclude Include="Engine\RHI\Vulkan\deps\glm\glm\mat4x3.hpp">
      <Filter>Engine\RHI\Vulkan\deps\glm\glm</Filter>
    </ClInclude>
    <ClInclude Include="Engine\RHI\Vulkan\deps\glm\glm\mat4x4.hpp">
      <Filter>Engine\RHI\Vulkan\deps\glm\glm</Filter>
    </ClInclude>
    <ClInclude Include="Engine\RHI\Vulkan\deps\glm\glm\matrix.hpp">
      <Filter>Engine\RHI\Vulkan\deps\glm\glm</Filter>
    </ClInclude>
    <ClInclude Include="Engine\RHI\Vulkan\deps\glm\glm\packing.hpp">
      <Filter>Engine\RHI\Vulkan\deps\glm\glm</Filter>
    </ClInclude>
    <ClInclude Include="Engine\RHI\Vulkan\deps\glm\glm\trigonometric.hpp">
      <Filter>Engine\RHI\Vulkan\deps\glm\glm</Filter>
    </ClInclude>
    <ClInclude Include="Engine\RHI\Vulkan\deps\glm\glm\vec2.hpp">
      <Filter>Engine\RHI\Vulkan\deps\glm\glm</Filter>
    </ClInclude>
    <ClInclude Include="Engine\RHI\Vulkan\deps\glm\glm\vec3.hpp">
      <Filter>Engine\RHI\Vulkan\deps\glm\glm</Filter>
    </ClInclude>
    <ClInclude Include="Engine\RHI\Vulkan\deps\glm\glm\vec4.hpp">
      <Filter>Engine\RHI\Vulkan\deps\glm\glm</Filter>
    </ClInclude>
    <ClInclude Include="Engine\RHI\Vulkan\deps\glm\glm\vector_relational.hpp">
      <Filter>Engine\RHI\Vulkan\deps\glm\glm</Filter>
    </ClInclude>
    <ClInclude Include="Engine\RHI\Vulkan\deps\glm\glm\common.hpp">
      <Filter>Engine\RHI\Vulkan\deps\glm\glm</Filter>
    </ClInclude>
    <ClInclude Include="Engine\RHI\Vulkan\deps\glm\glm\exponential.hpp">
      <Filter>Engine\RHI\Vulkan\deps\glm\glm</Filter>
    </ClInclude>
    <ClInclude Include="Engine\RHI\Vulkan\deps\glm\glm\ext.hpp">
      <Filter>Engine\RHI\Vulkan\deps\glm\glm</Filter>
    </ClInclude>
    <ClInclude Include="Engine\RHI\Vulkan\deps\glm\glm\fwd.hpp">
      <Filter>Engine\RHI\Vulkan\deps\glm\glm</Filter>
    </ClInclude>
    <ClInclude Include="Engine\RHI\Vulkan\deps\glm\glm\geometric.hpp">
      <Filter>Engine\RHI\Vulkan\deps\glm\glm</Filter>
    </ClInclude>
    <ClInclude Include="Engine\RHI\Vulkan\deps\glm\glm\glm.hpp">
      <Filter>Engine\RHI\Vulkan\deps\glm\glm</Filter>
    </ClInclude>
    <ClInclude Include="Engine\RHI\Vulkan\deps\glm\glm\integer.hpp">
      <Filter>Engine\RHI\Vulkan\deps\glm\glm</Filter>
    </ClInclude>
    <ClInclude Include="Engine\RHI\Vulkan\deps\stb\stb_leakcheck.h">
      <Filter>Engine\RHI\Vulkan\deps\stb</Filter>
    </ClInclude>
    <ClInclude Include="Engine\RHI\Vulkan\deps\stb\stb_perlin.h">
      <Filter>Engine\RHI\Vulkan\deps\stb</Filter>
    </ClInclude>
    <ClInclude Include="Engine\RHI\Vulkan\deps\stb\stb_rect_pack.h">
      <Filter>Engine\RHI\Vulkan\deps\stb</Filter>
    </ClInclude>
    <ClInclude Include="Engine\RHI\Vulkan\deps\stb\stb_sprintf.h">
      <Filter>Engine\RHI\Vulkan\deps\stb</Filter>
    </ClInclude>
    <ClInclude Include="Engine\RHI\Vulkan\deps\stb\stb_textedit.h">
      <Filter>Engine\RHI\Vulkan\deps\stb</Filter>
    </ClInclude>
    <ClInclude Include="Engine\RHI\Vulkan\deps\stb\stb_tilemap_editor.h">
      <Filter>Engine\RHI\Vulkan\deps\stb</Filter>
    </ClInclude>
    <ClInclude Include="Engine\RHI\Vulkan\deps\stb\stb_truetype.h">
      <Filter>Engine\RHI\Vulkan\deps\stb</Filter>
    </ClInclude>
    <ClInclude Include="Engine\RHI\Vulkan\deps\stb\stb_voxel_render.h">
      <Filter>Engine\RHI\Vulkan\deps\stb</Filter>
    </ClInclude>
    <ClInclude Include="Engine\RHI\Vulkan\deps\stb\stb_c_lexer.h">
      <Filter>Engine\RHI\Vulkan\deps\stb</Filter>
    </ClInclude>
    <ClInclude Include="Engine\RHI\Vulkan\deps\stb\stb_connected_components.h">
      <Filter>Engine\RHI\Vulkan\deps\stb</Filter>
    </ClInclude>
    <ClInclude Include="Engine\RHI\Vulkan\deps\stb\stb_divide.h">
      <Filter>Engine\RHI\Vulkan\deps\stb</Filter>
    </ClInclude>
    <ClInclude Include="Engine\RHI\Vulkan\deps\stb\stb_ds.h">
      <Filter>Engine\RHI\Vulkan\deps\stb</Filter>
    </ClInclude>
    <ClInclude Include="Engine\RHI\Vulkan\deps\stb\stb_dxt.h">
      <Filter>Engine\RHI\Vulkan\deps\stb</Filter>
    </ClInclude>
    <ClInclude Include="Engine\RHI\Vulkan\deps\stb\stb_easy_font.h">
      <Filter>Engine\RHI\Vulkan\deps\stb</Filter>
    </ClInclude>
    <ClInclude Include="Engine\RHI\Vulkan\deps\stb\stb_herringbone_wang_tile.h">
      <Filter>Engine\RHI\Vulkan\deps\stb</Filter>
    </ClInclude>
    <ClInclude Include="Engine\RHI\Vulkan\deps\stb\stb_hexwave.h">
      <Filter>Engine\RHI\Vulkan\deps\stb</Filter>
    </ClInclude>
    <ClInclude Include="Engine\RHI\Vulkan\deps\stb\stb_image.h">
      <Filter>Engine\RHI\Vulkan\deps\stb</Filter>
    </ClInclude>
    <ClInclude Include="Engine\RHI\Vulkan\deps\stb\stb_image_resize2.h">
      <Filter>Engine\RHI\Vulkan\deps\stb</Filter>
    </ClInclude>
    <ClInclude Include="Engine\RHI\Vulkan\deps\stb\stb_image_write.h">
      <Filter>Engine\RHI\Vulkan\deps\stb</Filter>
    </ClInclude>
    <ClInclude Include="Engine\RHI\Vulkan\deps\stb\stb_include.h">
      <Filter>Engine\RHI\Vulkan\deps\stb</Filter>
    </ClInclude>
    <ClInclude Include="Engine\RHI\Vulkan\deps\tinyobjloader\tiny_obj_loader.h">
      <Filter>Engine\RHI\Vulkan\deps\tinyobjloader</Filter>
    </ClInclude>
    <ClInclude Include="Engine\RHI\Vulkan\include\vulkan.h">
      <Filter>Engine\RHI\Vulkan\include</Filter>
    </ClInclude>
    <ClInclude Include="Engine\Model\include\BaseModel.h">
      <Filter>Engine\Model\include</Filter>
    </ClInclude>
    <ClInclude Include="Engine\Model\include\BaseMaterial.h">
      <Filter>Engine\Model\include</Filter>
    </ClInclude>
    <ClInclude Include="Engine\RHI\Vulkan\include\draw.h">
      <Filter>Engine\RHI\Vulkan\include</Filter>
    </ClInclude>
    <ClInclude Include="Engine\RHI\Vulkan\include\mesh.h">
      <Filter>Engine\RHI\Vulkan\include</Filter>
    </ClInclude>
    <ClInclude Include="Engine\RHI\Vulkan\include\data.h">
      <Filter>Engine\RHI\Vulkan\include</Filter>
    </ClInclude>
    <ClInclude Include="Engine\Model\include\ModelConfig.h">
      <Filter>Engine\Model\include</Filter>
    </ClInclude>
    <ClInclude Include="Engine\System\include\BaseObject.h">
      <Filter>Engine\System\include</Filter>
    </ClInclude>
    <ClInclude Include="Engine\System\include\Application.h">
      <Filter>Engine\System\include</Filter>
    </ClInclude>
    <ClInclude Include="Engine\Scene\include\StartScene.h">
      <Filter>Engine\Scene\include</Filter>
    </ClInclude>
    <ClInclude Include="Engine\Utility\include\JsonUtils.h">
      <Filter>Engine\Utility\include</Filter>
    </ClInclude>
    <ClInclude Include="Engine\Utility\include\TypeUtils.h">
      <Filter>Engine\Utility\include</Filter>
    </ClInclude>
    <ClInclude Include="Engine\Utility\include\FileUtils.h">
      <Filter>Engine\Utility\include</Filter>
    </ClInclude>
    <ClInclude Include="Engine\Scene\include\SceneObject.h">
      <Filter>Engine\Scene\include</Filter>
    </ClInclude>
    <ClInclude Include="Engine\Scene\include\BaseScene.h">
      <Filter>Engine\Scene\include</Filter>
    </ClInclude>
    <ClInclude Include="Engine\System\include\GraphicsInterface.h">
      <Filter>Engine\System\include</Filter>
    </ClInclude>
    <ClInclude Include="Engine\Model\include\BaseTransform.h">
      <Filter>Engine\Model\include</Filter>
    </ClInclude>
    <ClInclude Include="Engine\RHI\Vulkan\include\base.h">
      <Filter>Engine\RHI\Vulkan\include</Filter>
    </ClInclude>
    <ClInclude Include="Engine\Utility\include\MathUtils.h">
      <Filter>Engine\Scene\include</Filter>
    </ClInclude>
    <ClInclude Include="Engine\Camera\include\BaseCamera.h">
      <Filter>Engine\Camera\include</Filter>
    </ClInclude>
    <ClInclude Include="Engine\System\include\BaseInput.h">
      <Filter>Engine\System\include</Filter>
    </ClInclude>
  </ItemGroup>
  <ItemGroup>
    <ClCompile Include="Engine\RHI\Vulkan\src\pipeline.cpp">
      <Filter>Engine\RHI\Vulkan\src</Filter>
    </ClCompile>
    <ClCompile Include="Engine\RHI\Vulkan\src\render.cpp">
      <Filter>Engine\RHI\Vulkan\src</Filter>
    </ClCompile>
    <ClCompile Include="Engine\RHI\Vulkan\src\shader.cpp">
      <Filter>Engine\RHI\Vulkan\src</Filter>
    </ClCompile>
    <ClCompile Include="Engine\RHI\Vulkan\src\swapchain.cpp">
      <Filter>Engine\RHI\Vulkan\src</Filter>
    </ClCompile>
    <ClCompile Include="Engine\RHI\Vulkan\src\texture.cpp">
      <Filter>Engine\RHI\Vulkan\src</Filter>
    </ClCompile>
    <ClCompile Include="Engine\RHI\Vulkan\src\uniform.cpp">
      <Filter>Engine\RHI\Vulkan\src</Filter>
    </ClCompile>
    <ClCompile Include="Engine\RHI\Vulkan\src\validation.cpp">
      <Filter>Engine\RHI\Vulkan\src</Filter>
    </ClCompile>
    <ClCompile Include="Engine\RHI\Vulkan\src\vertex.cpp">
      <Filter>Engine\RHI\Vulkan\src</Filter>
    </ClCompile>
    <ClCompile Include="Engine\RHI\Vulkan\src\window.cpp">
      <Filter>Engine\RHI\Vulkan\src</Filter>
    </ClCompile>
    <ClCompile Include="Engine\RHI\Vulkan\src\buffer.cpp">
      <Filter>Engine\RHI\Vulkan\src</Filter>
    </ClCompile>
    <ClCompile Include="Engine\RHI\Vulkan\src\depth.cpp">
      <Filter>Engine\RHI\Vulkan\src</Filter>
    </ClCompile>
    <ClCompile Include="Engine\RHI\Vulkan\src\device.cpp">
      <Filter>Engine\RHI\Vulkan\src</Filter>
    </ClCompile>
    <ClCompile Include="Engine\RHI\Vulkan\src\instance.cpp">
      <Filter>Engine\RHI\Vulkan\src</Filter>
    </ClCompile>
    <ClCompile Include="Engine\RHI\Vulkan\src\vulkan.cpp">
      <Filter>Engine\RHI\Vulkan\src</Filter>
    </ClCompile>
    <ClCompile Include="Engine\RHI\Vulkan\deps\stb\stb_vorbis.c">
      <Filter>Engine\RHI\Vulkan\deps\stb</Filter>
    </ClCompile>
    <ClCompile Include="Engine\RHI\Vulkan\deps\tinyobjloader\tiny_obj_loader.cc">
      <Filter>Engine\RHI\Vulkan\deps\tinyobjloader</Filter>
    </ClCompile>
    <ClCompile Include="Games\Test\main.cpp">
      <Filter>Games\Test</Filter>
    </ClCompile>
    <ClCompile Include="Engine\Model\src\BaseMaterial.cpp">
      <Filter>Engine\Model\src</Filter>
    </ClCompile>
    <ClCompile Include="Engine\RHI\Vulkan\src\draw.cpp">
      <Filter>Engine\RHI\Vulkan\src</Filter>
    </ClCompile>
    <ClCompile Include="Engine\RHI\Vulkan\src\mesh.cpp">
      <Filter>Engine\RHI\Vulkan\src</Filter>
    </ClCompile>
    <ClCompile Include="Engine\RHI\Vulkan\src\data.cpp">
      <Filter>Engine\RHI\Vulkan\src</Filter>
    </ClCompile>
    <ClCompile Include="Engine\System\src\BaseObject.cpp">
      <Filter>Engine\System\src</Filter>
    </ClCompile>
    <ClCompile Include="Engine\Scene\src\BaseScene.cpp">
      <Filter>Engine\Scene\src</Filter>
    </ClCompile>
    <ClCompile Include="Engine\System\src\Application.cpp">
      <Filter>Engine\System\src</Filter>
    </ClCompile>
    <ClCompile Include="Engine\System\src\GraphicsInterface.cpp">
      <Filter>Engine\System\src</Filter>
    </ClCompile>
    <ClCompile Include="Engine\Scene\src\StartScene.cpp">
      <Filter>Engine\Scene\src</Filter>
    </ClCompile>
    <ClCompile Include="Engine\Utility\src\JsonUtils.cpp">
      <Filter>Engine\Utility\src</Filter>
    </ClCompile>
    <ClCompile Include="Engine\Utility\src\TypeUtils.cpp">
      <Filter>Engine\Utility\src</Filter>
    </ClCompile>
    <ClCompile Include="Engine\Utility\src\FileUtils.cpp">
      <Filter>Engine\Utility\src</Filter>
    </ClCompile>
    <ClCompile Include="Engine\Scene\src\SceneObject.cpp">
      <Filter>Engine\Scene\src</Filter>
    </ClCompile>
    <ClCompile Include="Engine\Model\src\BaseModel.cpp">
      <Filter>Engine\Model\src</Filter>
    </ClCompile>
    <ClCompile Include="Engine\Model\src\BaseTransform.cpp">
      <Filter>Engine\Model\src</Filter>
    </ClCompile>
    <ClCompile Include="Engine\RHI\Vulkan\src\base.cpp">
      <Filter>Engine\RHI\Vulkan\src</Filter>
    </ClCompile>
    <ClCompile Include="Engine\Utility\src\MathUtils.cpp">
      <Filter>Engine\Scene\src</Filter>
    </ClCompile>
    <ClCompile Include="Engine\Camera\src\BaseCamera.cpp">
      <Filter>Engine\Camera\src</Filter>
    </ClCompile>
    <ClCompile Include="Engine\System\src\BaseInput.cpp">
      <Filter>Engine\System\src</Filter>
    </ClCompile>
  </ItemGroup>
  <ItemGroup>
    <Image Include="Games\Test\Assets\Textures\texture.jpg">
      <Filter>Games\Test\Assets\Textures</Filter>
    </Image>
    <Image Include="Games\Test\Assets\Textures\viking_room.png">
      <Filter>Games\Test\Assets\Textures</Filter>
    </Image>
  </ItemGroup>
  <ItemGroup>
    <None Include="Games\Test\Assets\Shaders\SMWeaponShader\glsl\hello_triangle.vert">
      <Filter>Games\Test\Assets\Shaders\SMWeaponShader\glsl</Filter>
    </None>
    <None Include="Games\Test\Assets\Shaders\SMWeaponShader\glsl\hello_triangle.frag">
      <Filter>Games\Test\Assets\Shaders\SMWeaponShader\glsl</Filter>
    </None>
  </ItemGroup>
</Project>